// !$*UTF8*$!
{
	archiveVersion = 1;
	classes = {
	};
	objectVersion = 51;
	objects = {

/* Begin PBXBuildFile section */
		5707DEDF23B2AB6D00A76810 /* ViewController.swift in Sources */ = {isa = PBXBuildFile; fileRef = 5707DEDE23B2AB6D00A76810 /* ViewController.swift */; };
		578C7FFD23B299A30014EFDD /* AppDelegate.swift in Sources */ = {isa = PBXBuildFile; fileRef = 578C7FFC23B299A30014EFDD /* AppDelegate.swift */; };
		578C800123B299A40014EFDD /* Assets.xcassets in Resources */ = {isa = PBXBuildFile; fileRef = 578C800023B299A40014EFDD /* Assets.xcassets */; };
		578C800423B299A40014EFDD /* Main.storyboard in Resources */ = {isa = PBXBuildFile; fileRef = 578C800223B299A40014EFDD /* Main.storyboard */; };
		57AF9D7723B2B54E001A27A6 /* Extensions.swift in Sources */ = {isa = PBXBuildFile; fileRef = 57AF9D7623B2B54E001A27A6 /* Extensions.swift */; };
		57AF9D7B23B2B869001A27A6 /* DS100.swift in Sources */ = {isa = PBXBuildFile; fileRef = 57AF9D7A23B2B869001A27A6 /* DS100.swift */; };
		6B21898E7B892105727D0E3C /* Pods_Dash.framework in Frameworks */ = {isa = PBXBuildFile; fileRef = 04122E6F38157B5B5F16FD38 /* Pods_Dash.framework */; };
		9A2E843723D892FC00843EA9 /* ClientsTests.swift in Sources */ = {isa = PBXBuildFile; fileRef = 9A2E843623D892FC00843EA9 /* ClientsTests.swift */; };
		9A2E843923D8930600843EA9 /* ServersTests.swift in Sources */ = {isa = PBXBuildFile; fileRef = 9A2E843823D8930600843EA9 /* ServersTests.swift */; };
		9A66296423CF4EE50025125D /* DashOSCClientTests.swift in Sources */ = {isa = PBXBuildFile; fileRef = 9A66296323CF4EE50025125D /* DashOSCClientTests.swift */; };
		9A66296623CF4EF10025125D /* DashOSCServerTests.swift in Sources */ = {isa = PBXBuildFile; fileRef = 9A66296523CF4EF10025125D /* DashOSCServerTests.swift */; };
		9A66296823CF4EFC0025125D /* NetworkManagerTests.swift in Sources */ = {isa = PBXBuildFile; fileRef = 9A66296723CF4EFC0025125D /* NetworkManagerTests.swift */; };
		9ABDE08B23CE2621004189B3 /* TestingConstants.swift in Sources */ = {isa = PBXBuildFile; fileRef = 9ABDE08A23CE2621004189B3 /* TestingConstants.swift */; };
		9AC1E5A523CE50EA00757262 /* TestingExtensions.swift in Sources */ = {isa = PBXBuildFile; fileRef = 9AC1E5A423CE50EA00757262 /* TestingExtensions.swift */; };
		9AC6902523C3A8800047320A /* RttTableView.swift in Sources */ = {isa = PBXBuildFile; fileRef = 9AC6902423C3A8800047320A /* RttTableView.swift */; };
		9AC6902723C3A9240047320A /* Constants.swift in Sources */ = {isa = PBXBuildFile; fileRef = 9AC6902623C3A9240047320A /* Constants.swift */; };
		9AC6902A23C3AD570047320A /* RttTableView.xib in Resources */ = {isa = PBXBuildFile; fileRef = 9AC6902923C3AD570047320A /* RttTableView.xib */; };
		9AD1100B23CE093200BBFE73 /* ReceiveUDPTests.swift in Sources */ = {isa = PBXBuildFile; fileRef = 9AD1100A23CE093200BBFE73 /* ReceiveUDPTests.swift */; };
		9AEA614D23C4DE6700B27003 /* Preferences.storyboard in Resources */ = {isa = PBXBuildFile; fileRef = 9AEA614C23C4DE6700B27003 /* Preferences.storyboard */; };
		9AEA614F23C4DFCB00B27003 /* PreferencesVC.swift in Sources */ = {isa = PBXBuildFile; fileRef = 9AEA614E23C4DFCB00B27003 /* PreferencesVC.swift */; };
		9AEA615123C4E0D400B27003 /* PreferencesWindowController.swift in Sources */ = {isa = PBXBuildFile; fileRef = 9AEA615023C4E0D400B27003 /* PreferencesWindowController.swift */; };
		9AEA615423C5083F00B27003 /* Message.swift in Sources */ = {isa = PBXBuildFile; fileRef = 9AEA615323C5083F00B27003 /* Message.swift */; };
		9AEA615723C50CBB00B27003 /* NetworkManager.swift in Sources */ = {isa = PBXBuildFile; fileRef = 9AEA615623C50CBB00B27003 /* NetworkManager.swift */; };
		9AEA615923C5126300B27003 /* DashOSCClient.swift in Sources */ = {isa = PBXBuildFile; fileRef = 9AEA615823C5126300B27003 /* DashOSCClient.swift */; };
		9AEA615B23C5126B00B27003 /* DashOSCServer.swift in Sources */ = {isa = PBXBuildFile; fileRef = 9AEA615A23C5126B00B27003 /* DashOSCServer.swift */; };
		BAF3B7CD612409C1A962A83F /* Pods_DashTests.framework in Frameworks */ = {isa = PBXBuildFile; fileRef = C1E29DC86667E69AF0E9F488 /* Pods_DashTests.framework */; };
		CD1830524CC75693D73F5A5E /* ExtFloat.swift in Sources */ = {isa = PBXBuildFile; fileRef = CD1834A5EC3A01366538B855 /* ExtFloat.swift */; };
		CD1830A4B7EF563AECF83C21 /* OSCMessage.swift in Sources */ = {isa = PBXBuildFile; fileRef = CD183E369A1F96D6F8107406 /* OSCMessage.swift */; };
		CD183164178CAD090F837233 /* OSCBundle.swift in Sources */ = {isa = PBXBuildFile; fileRef = CD1838444E70AF34023AFE72 /* OSCBundle.swift */; };
		CD1831C51742946E0AF96E36 /* OSCElement.swift in Sources */ = {isa = PBXBuildFile; fileRef = CD183682FA59F4705BAEA0F9 /* OSCElement.swift */; };
		CD1832D32812F04C4F8C43A0 /* Clients.swift in Sources */ = {isa = PBXBuildFile; fileRef = CD18360097ABDE641A6C55C1 /* Clients.swift */; };
		CD18341CAFC0B96913E017E7 /* ExtData.swift in Sources */ = {isa = PBXBuildFile; fileRef = CD1831A08AC0CC9162B35921 /* ExtData.swift */; };
		CD1835D13C327503C58995B6 /* OSCParsing.swift in Sources */ = {isa = PBXBuildFile; fileRef = CD183F486BD5FE45A48C04F7 /* OSCParsing.swift */; };
		CD18364F880B00C4A727ECDF /* OSCClient.swift in Sources */ = {isa = PBXBuildFile; fileRef = CD183B89F6663FEF9DF61362 /* OSCClient.swift */; };
		CD18365974C9B59DBD97409F /* ExtInt.swift in Sources */ = {isa = PBXBuildFile; fileRef = CD1830BC96E48283D5E82470 /* ExtInt.swift */; };
		CD183705FD5C1B30AF9896B0 /* Servers.swift in Sources */ = {isa = PBXBuildFile; fileRef = CD183FE03BD8D9093937E2B8 /* Servers.swift */; };
		CD18375417DFA7D0779F82F3 /* ExtUInt32.swift in Sources */ = {isa = PBXBuildFile; fileRef = CD18363787CA0149E3090564 /* ExtUInt32.swift */; };
		CD18388C817CF6B6458CD649 /* ExtDate.swift in Sources */ = {isa = PBXBuildFile; fileRef = CD1836A1ECE981A9EB7A44FA /* ExtDate.swift */; };
		CD183962FE6A334640EA2886 /* OSCErrors.swift in Sources */ = {isa = PBXBuildFile; fileRef = CD183B57968056E20DB6FA1F /* OSCErrors.swift */; };
		CD183980DD44CFE4DE3A71FA /* OSCServer.swift in Sources */ = {isa = PBXBuildFile; fileRef = CD183BEE7B8F63861A9F2A91 /* OSCServer.swift */; };
		CD1839FBBDC7FC6D7E7ABAB5 /* ExtString.swift in Sources */ = {isa = PBXBuildFile; fileRef = CD1831CC76431A8FE7F43A37 /* ExtString.swift */; };
		CD183A74FF36165CED59F896 /* Vezer.swift in Sources */ = {isa = PBXBuildFile; fileRef = CD18356AF1367FDF484BF6FF /* Vezer.swift */; };
		CD183AE2A5A030B7B2A97F11 /* Blob.swift in Sources */ = {isa = PBXBuildFile; fileRef = CD18318DA539B60487E3247B /* Blob.swift */; };
		CD183B81B3176A36A44EAC5E /* ExtBool.swift in Sources */ = {isa = PBXBuildFile; fileRef = CD18361171B118F94A274A53 /* ExtBool.swift */; };
		CD183D3B4A50B0EA460CA6A7 /* Timetag.swift in Sources */ = {isa = PBXBuildFile; fileRef = CD1835EF47BB7E5C24F6C6B7 /* Timetag.swift */; };
		CD183E057607FF5F659734C6 /* ExtInt32.swift in Sources */ = {isa = PBXBuildFile; fileRef = CD18377D9F1EF74EC907B5D0 /* ExtInt32.swift */; };
		CD183E4BF7E3AD91DEE0A2FA /* ExtDouble.swift in Sources */ = {isa = PBXBuildFile; fileRef = CD183C36C7DD778A79776740 /* ExtDouble.swift */; };
		CD183EBDF0A6B9AE00CDAA77 /* OSCType.swift in Sources */ = {isa = PBXBuildFile; fileRef = CD183DAAAD8D04875C5002BB /* OSCType.swift */; };
		CD183FB9B7C414B864888978 /* OSCTag.swift in Sources */ = {isa = PBXBuildFile; fileRef = CD183BC841C6DEF1CF1D529B /* OSCTag.swift */; };
/* End PBXBuildFile section */

/* Begin PBXContainerItemProxy section */
		9AD1100123CE08F900BBFE73 /* PBXContainerItemProxy */ = {
			isa = PBXContainerItemProxy;
			containerPortal = 578C7FF123B299A30014EFDD /* Project object */;
			proxyType = 1;
			remoteGlobalIDString = 578C7FF823B299A30014EFDD;
			remoteInfo = Dash;
		};
/* End PBXContainerItemProxy section */

/* Begin PBXFileReference section */
		04122E6F38157B5B5F16FD38 /* Pods_Dash.framework */ = {isa = PBXFileReference; explicitFileType = wrapper.framework; includeInIndex = 0; path = Pods_Dash.framework; sourceTree = BUILT_PRODUCTS_DIR; };
		5707DEDE23B2AB6D00A76810 /* ViewController.swift */ = {isa = PBXFileReference; lastKnownFileType = sourcecode.swift; path = ViewController.swift; sourceTree = "<group>"; };
		578C7FF923B299A30014EFDD /* Dash.app */ = {isa = PBXFileReference; explicitFileType = wrapper.application; includeInIndex = 0; path = Dash.app; sourceTree = BUILT_PRODUCTS_DIR; };
		578C7FFC23B299A30014EFDD /* AppDelegate.swift */ = {isa = PBXFileReference; lastKnownFileType = sourcecode.swift; path = AppDelegate.swift; sourceTree = "<group>"; };
		578C800023B299A40014EFDD /* Assets.xcassets */ = {isa = PBXFileReference; lastKnownFileType = folder.assetcatalog; path = Assets.xcassets; sourceTree = "<group>"; };
		578C800323B299A40014EFDD /* Base */ = {isa = PBXFileReference; lastKnownFileType = file.storyboard; name = Base; path = Base.lproj/Main.storyboard; sourceTree = "<group>"; };
		578C800523B299A40014EFDD /* Info.plist */ = {isa = PBXFileReference; lastKnownFileType = text.plist.xml; path = Info.plist; sourceTree = "<group>"; };
		578C800623B299A40014EFDD /* Dash.entitlements */ = {isa = PBXFileReference; lastKnownFileType = text.plist.entitlements; path = Dash.entitlements; sourceTree = "<group>"; };
		57AF9D7623B2B54E001A27A6 /* Extensions.swift */ = {isa = PBXFileReference; lastKnownFileType = sourcecode.swift; path = Extensions.swift; sourceTree = "<group>"; };
		57AF9D7A23B2B869001A27A6 /* DS100.swift */ = {isa = PBXFileReference; lastKnownFileType = sourcecode.swift; path = DS100.swift; sourceTree = "<group>"; };
		651BB45AE5E5B9541C7EA030 /* Pods-Dash.release.xcconfig */ = {isa = PBXFileReference; includeInIndex = 1; lastKnownFileType = text.xcconfig; name = "Pods-Dash.release.xcconfig"; path = "Target Support Files/Pods-Dash/Pods-Dash.release.xcconfig"; sourceTree = "<group>"; };
		9005CB6A86854E374AE5B036 /* Pods-DashTests.debug.xcconfig */ = {isa = PBXFileReference; includeInIndex = 1; lastKnownFileType = text.xcconfig; name = "Pods-DashTests.debug.xcconfig"; path = "Target Support Files/Pods-DashTests/Pods-DashTests.debug.xcconfig"; sourceTree = "<group>"; };
		9A2E843623D892FC00843EA9 /* ClientsTests.swift */ = {isa = PBXFileReference; lastKnownFileType = sourcecode.swift; path = ClientsTests.swift; sourceTree = "<group>"; };
		9A2E843823D8930600843EA9 /* ServersTests.swift */ = {isa = PBXFileReference; lastKnownFileType = sourcecode.swift; path = ServersTests.swift; sourceTree = "<group>"; };
		9A66296323CF4EE50025125D /* DashOSCClientTests.swift */ = {isa = PBXFileReference; lastKnownFileType = sourcecode.swift; path = DashOSCClientTests.swift; sourceTree = "<group>"; };
		9A66296523CF4EF10025125D /* DashOSCServerTests.swift */ = {isa = PBXFileReference; lastKnownFileType = sourcecode.swift; path = DashOSCServerTests.swift; sourceTree = "<group>"; };
		9A66296723CF4EFC0025125D /* NetworkManagerTests.swift */ = {isa = PBXFileReference; lastKnownFileType = sourcecode.swift; path = NetworkManagerTests.swift; sourceTree = "<group>"; };
		9ABDE08A23CE2621004189B3 /* TestingConstants.swift */ = {isa = PBXFileReference; lastKnownFileType = sourcecode.swift; path = TestingConstants.swift; sourceTree = "<group>"; };
		9AC1E5A423CE50EA00757262 /* TestingExtensions.swift */ = {isa = PBXFileReference; lastKnownFileType = sourcecode.swift; path = TestingExtensions.swift; sourceTree = "<group>"; };
		9AC6902423C3A8800047320A /* RttTableView.swift */ = {isa = PBXFileReference; lastKnownFileType = sourcecode.swift; path = RttTableView.swift; sourceTree = "<group>"; };
		9AC6902623C3A9240047320A /* Constants.swift */ = {isa = PBXFileReference; lastKnownFileType = sourcecode.swift; path = Constants.swift; sourceTree = "<group>"; };
		9AC6902923C3AD570047320A /* RttTableView.xib */ = {isa = PBXFileReference; lastKnownFileType = file.xib; path = RttTableView.xib; sourceTree = "<group>"; };
		9AD10FFC23CE08F900BBFE73 /* DashTests.xctest */ = {isa = PBXFileReference; explicitFileType = wrapper.cfbundle; includeInIndex = 0; path = DashTests.xctest; sourceTree = BUILT_PRODUCTS_DIR; };
		9AD1100023CE08F900BBFE73 /* Info.plist */ = {isa = PBXFileReference; lastKnownFileType = text.plist.xml; path = Info.plist; sourceTree = "<group>"; };
		9AD1100623CE091B00BBFE73 /* DashTests-Bridging-Header.h */ = {isa = PBXFileReference; lastKnownFileType = sourcecode.c.h; path = "DashTests-Bridging-Header.h"; sourceTree = "<group>"; };
		9AD1100A23CE093200BBFE73 /* ReceiveUDPTests.swift */ = {isa = PBXFileReference; lastKnownFileType = sourcecode.swift; path = ReceiveUDPTests.swift; sourceTree = "<group>"; };
		9AEA614C23C4DE6700B27003 /* Preferences.storyboard */ = {isa = PBXFileReference; lastKnownFileType = file.storyboard; path = Preferences.storyboard; sourceTree = "<group>"; };
		9AEA614E23C4DFCB00B27003 /* PreferencesVC.swift */ = {isa = PBXFileReference; lastKnownFileType = sourcecode.swift; path = PreferencesVC.swift; sourceTree = "<group>"; };
		9AEA615023C4E0D400B27003 /* PreferencesWindowController.swift */ = {isa = PBXFileReference; lastKnownFileType = sourcecode.swift; path = PreferencesWindowController.swift; sourceTree = "<group>"; };
		9AEA615323C5083F00B27003 /* Message.swift */ = {isa = PBXFileReference; lastKnownFileType = sourcecode.swift; path = Message.swift; sourceTree = "<group>"; };
		9AEA615623C50CBB00B27003 /* NetworkManager.swift */ = {isa = PBXFileReference; lastKnownFileType = sourcecode.swift; path = NetworkManager.swift; sourceTree = "<group>"; };
		9AEA615823C5126300B27003 /* DashOSCClient.swift */ = {isa = PBXFileReference; lastKnownFileType = sourcecode.swift; path = DashOSCClient.swift; sourceTree = "<group>"; };
		9AEA615A23C5126B00B27003 /* DashOSCServer.swift */ = {isa = PBXFileReference; lastKnownFileType = sourcecode.swift; path = DashOSCServer.swift; sourceTree = "<group>"; };
		C1E29DC86667E69AF0E9F488 /* Pods_DashTests.framework */ = {isa = PBXFileReference; explicitFileType = wrapper.framework; includeInIndex = 0; path = Pods_DashTests.framework; sourceTree = BUILT_PRODUCTS_DIR; };
		C99DC24200B3F14295912028 /* Pods-DashTests.release.xcconfig */ = {isa = PBXFileReference; includeInIndex = 1; lastKnownFileType = text.xcconfig; name = "Pods-DashTests.release.xcconfig"; path = "Target Support Files/Pods-DashTests/Pods-DashTests.release.xcconfig"; sourceTree = "<group>"; };
		CD1830BC96E48283D5E82470 /* ExtInt.swift */ = {isa = PBXFileReference; fileEncoding = 4; lastKnownFileType = sourcecode.swift; path = ExtInt.swift; sourceTree = "<group>"; };
		CD18318DA539B60487E3247B /* Blob.swift */ = {isa = PBXFileReference; fileEncoding = 4; lastKnownFileType = sourcecode.swift; path = Blob.swift; sourceTree = "<group>"; };
		CD1831A08AC0CC9162B35921 /* ExtData.swift */ = {isa = PBXFileReference; fileEncoding = 4; lastKnownFileType = sourcecode.swift; path = ExtData.swift; sourceTree = "<group>"; };
		CD1831CC76431A8FE7F43A37 /* ExtString.swift */ = {isa = PBXFileReference; fileEncoding = 4; lastKnownFileType = sourcecode.swift; path = ExtString.swift; sourceTree = "<group>"; };
		CD1834A5EC3A01366538B855 /* ExtFloat.swift */ = {isa = PBXFileReference; fileEncoding = 4; lastKnownFileType = sourcecode.swift; path = ExtFloat.swift; sourceTree = "<group>"; };
		CD18356AF1367FDF484BF6FF /* Vezer.swift */ = {isa = PBXFileReference; fileEncoding = 4; lastKnownFileType = sourcecode.swift; path = Vezer.swift; sourceTree = "<group>"; };
		CD1835EF47BB7E5C24F6C6B7 /* Timetag.swift */ = {isa = PBXFileReference; fileEncoding = 4; lastKnownFileType = sourcecode.swift; path = Timetag.swift; sourceTree = "<group>"; };
		CD18360097ABDE641A6C55C1 /* Clients.swift */ = {isa = PBXFileReference; fileEncoding = 4; lastKnownFileType = sourcecode.swift; path = Clients.swift; sourceTree = "<group>"; };
		CD18361171B118F94A274A53 /* ExtBool.swift */ = {isa = PBXFileReference; fileEncoding = 4; lastKnownFileType = sourcecode.swift; path = ExtBool.swift; sourceTree = "<group>"; };
		CD18363787CA0149E3090564 /* ExtUInt32.swift */ = {isa = PBXFileReference; fileEncoding = 4; lastKnownFileType = sourcecode.swift; path = ExtUInt32.swift; sourceTree = "<group>"; };
		CD183682FA59F4705BAEA0F9 /* OSCElement.swift */ = {isa = PBXFileReference; fileEncoding = 4; lastKnownFileType = sourcecode.swift; path = OSCElement.swift; sourceTree = "<group>"; };
		CD1836A1ECE981A9EB7A44FA /* ExtDate.swift */ = {isa = PBXFileReference; fileEncoding = 4; lastKnownFileType = sourcecode.swift; path = ExtDate.swift; sourceTree = "<group>"; };
		CD18377D9F1EF74EC907B5D0 /* ExtInt32.swift */ = {isa = PBXFileReference; fileEncoding = 4; lastKnownFileType = sourcecode.swift; path = ExtInt32.swift; sourceTree = "<group>"; };
		CD1838444E70AF34023AFE72 /* OSCBundle.swift */ = {isa = PBXFileReference; fileEncoding = 4; lastKnownFileType = sourcecode.swift; path = OSCBundle.swift; sourceTree = "<group>"; };
		CD183B57968056E20DB6FA1F /* OSCErrors.swift */ = {isa = PBXFileReference; fileEncoding = 4; lastKnownFileType = sourcecode.swift; path = OSCErrors.swift; sourceTree = "<group>"; };
		CD183B89F6663FEF9DF61362 /* OSCClient.swift */ = {isa = PBXFileReference; fileEncoding = 4; lastKnownFileType = sourcecode.swift; path = OSCClient.swift; sourceTree = "<group>"; };
		CD183BC841C6DEF1CF1D529B /* OSCTag.swift */ = {isa = PBXFileReference; fileEncoding = 4; lastKnownFileType = sourcecode.swift; path = OSCTag.swift; sourceTree = "<group>"; };
		CD183BEE7B8F63861A9F2A91 /* OSCServer.swift */ = {isa = PBXFileReference; fileEncoding = 4; lastKnownFileType = sourcecode.swift; path = OSCServer.swift; sourceTree = "<group>"; };
		CD183C36C7DD778A79776740 /* ExtDouble.swift */ = {isa = PBXFileReference; fileEncoding = 4; lastKnownFileType = sourcecode.swift; path = ExtDouble.swift; sourceTree = "<group>"; };
		CD183DAAAD8D04875C5002BB /* OSCType.swift */ = {isa = PBXFileReference; fileEncoding = 4; lastKnownFileType = sourcecode.swift; path = OSCType.swift; sourceTree = "<group>"; };
		CD183E369A1F96D6F8107406 /* OSCMessage.swift */ = {isa = PBXFileReference; fileEncoding = 4; lastKnownFileType = sourcecode.swift; path = OSCMessage.swift; sourceTree = "<group>"; };
		CD183F486BD5FE45A48C04F7 /* OSCParsing.swift */ = {isa = PBXFileReference; fileEncoding = 4; lastKnownFileType = sourcecode.swift; path = OSCParsing.swift; sourceTree = "<group>"; };
		CD183FE03BD8D9093937E2B8 /* Servers.swift */ = {isa = PBXFileReference; fileEncoding = 4; lastKnownFileType = sourcecode.swift; path = Servers.swift; sourceTree = "<group>"; };
		F43F3A006F031062C7D58C58 /* Pods-Dash.debug.xcconfig */ = {isa = PBXFileReference; includeInIndex = 1; lastKnownFileType = text.xcconfig; name = "Pods-Dash.debug.xcconfig"; path = "Target Support Files/Pods-Dash/Pods-Dash.debug.xcconfig"; sourceTree = "<group>"; };
/* End PBXFileReference section */

/* Begin PBXFrameworksBuildPhase section */
		578C7FF623B299A30014EFDD /* Frameworks */ = {
			isa = PBXFrameworksBuildPhase;
			buildActionMask = 2147483647;
			files = (
				6B21898E7B892105727D0E3C /* Pods_Dash.framework in Frameworks */,
			);
			runOnlyForDeploymentPostprocessing = 0;
		};
		9AD10FF923CE08F900BBFE73 /* Frameworks */ = {
			isa = PBXFrameworksBuildPhase;
			buildActionMask = 2147483647;
			files = (
				BAF3B7CD612409C1A962A83F /* Pods_DashTests.framework in Frameworks */,
			);
			runOnlyForDeploymentPostprocessing = 0;
		};
/* End PBXFrameworksBuildPhase section */

/* Begin PBXGroup section */
		27155D42594F23411D674B5D /* Frameworks */ = {
			isa = PBXGroup;
			children = (
				04122E6F38157B5B5F16FD38 /* Pods_Dash.framework */,
				C1E29DC86667E69AF0E9F488 /* Pods_DashTests.framework */,
			);
			name = Frameworks;
			sourceTree = "<group>";
		};
		5707DEDB23B2AB3600A76810 /* Controllers */ = {
			isa = PBXGroup;
			children = (
				5707DEDE23B2AB6D00A76810 /* ViewController.swift */,
				9AEA614E23C4DFCB00B27003 /* PreferencesVC.swift */,
				9AEA615023C4E0D400B27003 /* PreferencesWindowController.swift */,
			);
			path = Controllers;
			sourceTree = "<group>";
		};
		5707DEE223B2ADA500A76810 /* Utility */ = {
			isa = PBXGroup;
			children = (
				9AC6902623C3A9240047320A /* Constants.swift */,
				57AF9D7623B2B54E001A27A6 /* Extensions.swift */,
			);
			path = Utility;
			sourceTree = "<group>";
		};
		578C7FF023B299A30014EFDD = {
			isa = PBXGroup;
			children = (
				578C7FFB23B299A30014EFDD /* Dash */,
				9AD10FFD23CE08F900BBFE73 /* DashTests */,
				578C7FFA23B299A30014EFDD /* Products */,
				F2B6F2D02B923DC85F0CCEFC /* Pods */,
				27155D42594F23411D674B5D /* Frameworks */,
			);
			sourceTree = "<group>";
		};
		578C7FFA23B299A30014EFDD /* Products */ = {
			isa = PBXGroup;
			children = (
				578C7FF923B299A30014EFDD /* Dash.app */,
				9AD10FFC23CE08F900BBFE73 /* DashTests.xctest */,
			);
			name = Products;
			sourceTree = "<group>";
		};
		578C7FFB23B299A30014EFDD /* Dash */ = {
			isa = PBXGroup;
			children = (
				578C7FFC23B299A30014EFDD /* AppDelegate.swift */,
				5707DEDB23B2AB3600A76810 /* Controllers */,
				9AEA615223C5080100B27003 /* Model */,
				9AEA615523C5088200B27003 /* Networking */,
				9AC6902323C3A8470047320A /* Views */,
				5707DEE223B2ADA500A76810 /* Utility */,
				9AC6902823C3AD3C0047320A /* Xib */,
				578C800023B299A40014EFDD /* Assets.xcassets */,
				578C800523B299A40014EFDD /* Info.plist */,
				578C800623B299A40014EFDD /* Dash.entitlements */,
			);
			path = Dash;
			sourceTree = "<group>";
		};
		9AC6902323C3A8470047320A /* Views */ = {
			isa = PBXGroup;
			children = (
				9AC6902423C3A8800047320A /* RttTableView.swift */,
			);
			path = Views;
			sourceTree = "<group>";
		};
		9AC6902823C3AD3C0047320A /* Xib */ = {
			isa = PBXGroup;
			children = (
				578C800223B299A40014EFDD /* Main.storyboard */,
				9AC6902923C3AD570047320A /* RttTableView.xib */,
				9AEA614C23C4DE6700B27003 /* Preferences.storyboard */,
			);
			path = Xib;
			sourceTree = "<group>";
		};
		9AD10FFD23CE08F900BBFE73 /* DashTests */ = {
			isa = PBXGroup;
			children = (
				9AD1100923CE092500BBFE73 /* Networking */,
				9AD1100023CE08F900BBFE73 /* Info.plist */,
				9ABDE08A23CE2621004189B3 /* TestingConstants.swift */,
				9AC1E5A423CE50EA00757262 /* TestingExtensions.swift */,
				9AD1100623CE091B00BBFE73 /* DashTests-Bridging-Header.h */,
			);
			path = DashTests;
			sourceTree = "<group>";
		};
		9AD1100923CE092500BBFE73 /* Networking */ = {
			isa = PBXGroup;
			children = (
				9A2E843623D892FC00843EA9 /* ClientsTests.swift */,
				9A66296323CF4EE50025125D /* DashOSCClientTests.swift */,
				9A66296523CF4EF10025125D /* DashOSCServerTests.swift */,
				9A66296723CF4EFC0025125D /* NetworkManagerTests.swift */,
				9AD1100A23CE093200BBFE73 /* ReceiveUDPTests.swift */,
				9A2E843823D8930600843EA9 /* ServersTests.swift */,
			);
			path = Networking;
			sourceTree = "<group>";
		};
		9AE588702925802900BCB9E8 /* OSC */ = {
			isa = PBXGroup;
			children = (
				9AE58871292581B100BCB9E8 /* Extensions */,
				CD183F486BD5FE45A48C04F7 /* OSCParsing.swift */,
				CD183E369A1F96D6F8107406 /* OSCMessage.swift */,
				CD183B57968056E20DB6FA1F /* OSCErrors.swift */,
				CD183E4571677D62BD731D0F /* Types */,
				CD183B89F6663FEF9DF61362 /* OSCClient.swift */,
				CD183BEE7B8F63861A9F2A91 /* OSCServer.swift */,
				CD1838444E70AF34023AFE72 /* OSCBundle.swift */,
			);
			path = OSC;
			sourceTree = "<group>";
		};
		9AE58871292581B100BCB9E8 /* Extensions */ = {
			isa = PBXGroup;
			children = (
				CD1831A08AC0CC9162B35921 /* ExtData.swift */,
				CD1830BC96E48283D5E82470 /* ExtInt.swift */,
				CD1834A5EC3A01366538B855 /* ExtFloat.swift */,
				CD1831CC76431A8FE7F43A37 /* ExtString.swift */,
				CD18361171B118F94A274A53 /* ExtBool.swift */,
				CD18363787CA0149E3090564 /* ExtUInt32.swift */,
				CD183C36C7DD778A79776740 /* ExtDouble.swift */,
				CD1836A1ECE981A9EB7A44FA /* ExtDate.swift */,
				CD18377D9F1EF74EC907B5D0 /* ExtInt32.swift */,
			);
			path = Extensions;
			sourceTree = "<group>";
		};
		9AEA615223C5080100B27003 /* Model */ = {
			isa = PBXGroup;
			children = (
				57AF9D7A23B2B869001A27A6 /* DS100.swift */,
				9AEA615323C5083F00B27003 /* Message.swift */,
				CD18356AF1367FDF484BF6FF /* Vezer.swift */,
			);
			path = Model;
			sourceTree = "<group>";
		};
		9AEA615523C5088200B27003 /* Networking */ = {
			isa = PBXGroup;
			children = (
				9AE588702925802900BCB9E8 /* OSC */,
				CD18360097ABDE641A6C55C1 /* Clients.swift */,
				9AEA615823C5126300B27003 /* DashOSCClient.swift */,
				9AEA615A23C5126B00B27003 /* DashOSCServer.swift */,
				9AEA615623C50CBB00B27003 /* NetworkManager.swift */,
				CD183FE03BD8D9093937E2B8 /* Servers.swift */,
			);
			path = Networking;
			sourceTree = "<group>";
		};
		CD183E4571677D62BD731D0F /* Types */ = {
			isa = PBXGroup;
			children = (
				CD183DAAAD8D04875C5002BB /* OSCType.swift */,
				CD18318DA539B60487E3247B /* Blob.swift */,
				CD183BC841C6DEF1CF1D529B /* OSCTag.swift */,
				CD1835EF47BB7E5C24F6C6B7 /* Timetag.swift */,
				CD183682FA59F4705BAEA0F9 /* OSCElement.swift */,
			);
			path = Types;
			sourceTree = "<group>";
		};
		F2B6F2D02B923DC85F0CCEFC /* Pods */ = {
			isa = PBXGroup;
			children = (
				F43F3A006F031062C7D58C58 /* Pods-Dash.debug.xcconfig */,
				651BB45AE5E5B9541C7EA030 /* Pods-Dash.release.xcconfig */,
				9005CB6A86854E374AE5B036 /* Pods-DashTests.debug.xcconfig */,
				C99DC24200B3F14295912028 /* Pods-DashTests.release.xcconfig */,
			);
			path = Pods;
			sourceTree = "<group>";
		};
/* End PBXGroup section */

/* Begin PBXNativeTarget section */
		578C7FF823B299A30014EFDD /* Dash */ = {
			isa = PBXNativeTarget;
			buildConfigurationList = 578C801F23B299A40014EFDD /* Build configuration list for PBXNativeTarget "Dash" */;
			buildPhases = (
				176ED32970A962C559307BF9 /* [CP] Check Pods Manifest.lock */,
				578C7FF523B299A30014EFDD /* Sources */,
				578C7FF623B299A30014EFDD /* Frameworks */,
				578C7FF723B299A30014EFDD /* Resources */,
				404852F5DC0AB46866E8A629 /* [CP] Embed Pods Frameworks */,
				9A402FDB23C67C22005596AA /* ShellScript */,
			);
			buildRules = (
			);
			dependencies = (
			);
			name = Dash;
			productName = Dash;
			productReference = 578C7FF923B299A30014EFDD /* Dash.app */;
			productType = "com.apple.product-type.application";
		};
		9AD10FFB23CE08F900BBFE73 /* DashTests */ = {
			isa = PBXNativeTarget;
			buildConfigurationList = 9AD1100323CE08F900BBFE73 /* Build configuration list for PBXNativeTarget "DashTests" */;
			buildPhases = (
				9EAF63FCFF35DA2671C4056B /* [CP] Check Pods Manifest.lock */,
				9AD10FF823CE08F900BBFE73 /* Sources */,
				9AD10FF923CE08F900BBFE73 /* Frameworks */,
				9AD10FFA23CE08F900BBFE73 /* Resources */,
			);
			buildRules = (
			);
			dependencies = (
				9AD1100223CE08F900BBFE73 /* PBXTargetDependency */,
			);
			name = DashTests;
			productName = DashTests;
			productReference = 9AD10FFC23CE08F900BBFE73 /* DashTests.xctest */;
			productType = "com.apple.product-type.bundle.unit-test";
		};
/* End PBXNativeTarget section */

/* Begin PBXProject section */
		578C7FF123B299A30014EFDD /* Project object */ = {
			isa = PBXProject;
			attributes = {
				LastSwiftUpdateCheck = 1030;
				LastUpgradeCheck = 1400;
				ORGANIZATIONNAME = "GW Rodriguez";
				TargetAttributes = {
					578C7FF823B299A30014EFDD = {
						CreatedOnToolsVersion = 11.3;
					};
					9AD10FFB23CE08F900BBFE73 = {
						CreatedOnToolsVersion = 10.3;
						LastSwiftMigration = 1030;
						TestTargetID = 578C7FF823B299A30014EFDD;
					};
				};
			};
			buildConfigurationList = 578C7FF423B299A30014EFDD /* Build configuration list for PBXProject "Dash" */;
			compatibilityVersion = "Xcode 9.3";
			developmentRegion = en;
			hasScannedForEncodings = 0;
			knownRegions = (
				en,
				Base,
			);
			mainGroup = 578C7FF023B299A30014EFDD;
			productRefGroup = 578C7FFA23B299A30014EFDD /* Products */;
			projectDirPath = "";
			projectRoot = "";
			targets = (
				578C7FF823B299A30014EFDD /* Dash */,
				9AD10FFB23CE08F900BBFE73 /* DashTests */,
			);
		};
/* End PBXProject section */

/* Begin PBXResourcesBuildPhase section */
		578C7FF723B299A30014EFDD /* Resources */ = {
			isa = PBXResourcesBuildPhase;
			buildActionMask = 2147483647;
			files = (
				578C800123B299A40014EFDD /* Assets.xcassets in Resources */,
				578C800423B299A40014EFDD /* Main.storyboard in Resources */,
				9AC6902A23C3AD570047320A /* RttTableView.xib in Resources */,
				9AEA614D23C4DE6700B27003 /* Preferences.storyboard in Resources */,
			);
			runOnlyForDeploymentPostprocessing = 0;
		};
		9AD10FFA23CE08F900BBFE73 /* Resources */ = {
			isa = PBXResourcesBuildPhase;
			buildActionMask = 2147483647;
			files = (
			);
			runOnlyForDeploymentPostprocessing = 0;
		};
/* End PBXResourcesBuildPhase section */

/* Begin PBXShellScriptBuildPhase section */
		176ED32970A962C559307BF9 /* [CP] Check Pods Manifest.lock */ = {
			isa = PBXShellScriptBuildPhase;
			buildActionMask = 2147483647;
			files = (
			);
			inputFileListPaths = (
			);
			inputPaths = (
				"${PODS_PODFILE_DIR_PATH}/Podfile.lock",
				"${PODS_ROOT}/Manifest.lock",
			);
			name = "[CP] Check Pods Manifest.lock";
			outputFileListPaths = (
			);
			outputPaths = (
				"$(DERIVED_FILE_DIR)/Pods-Dash-checkManifestLockResult.txt",
			);
			runOnlyForDeploymentPostprocessing = 0;
			shellPath = /bin/sh;
			shellScript = "diff \"${PODS_PODFILE_DIR_PATH}/Podfile.lock\" \"${PODS_ROOT}/Manifest.lock\" > /dev/null\nif [ $? != 0 ] ; then\n    # print error to STDERR\n    echo \"error: The sandbox is not in sync with the Podfile.lock. Run 'pod install' or update your CocoaPods installation.\" >&2\n    exit 1\nfi\n# This output is used by Xcode 'outputs' to avoid re-running this script phase.\necho \"SUCCESS\" > \"${SCRIPT_OUTPUT_FILE_0}\"\n";
			showEnvVarsInLog = 0;
		};
		404852F5DC0AB46866E8A629 /* [CP] Embed Pods Frameworks */ = {
			isa = PBXShellScriptBuildPhase;
			buildActionMask = 2147483647;
			files = (
			);
			inputFileListPaths = (
				"${PODS_ROOT}/Target Support Files/Pods-Dash/Pods-Dash-frameworks-${CONFIGURATION}-input-files.xcfilelist",
			);
			name = "[CP] Embed Pods Frameworks";
			outputFileListPaths = (
				"${PODS_ROOT}/Target Support Files/Pods-Dash/Pods-Dash-frameworks-${CONFIGURATION}-output-files.xcfilelist",
			);
			runOnlyForDeploymentPostprocessing = 0;
			shellPath = /bin/sh;
			shellScript = "\"${PODS_ROOT}/Target Support Files/Pods-Dash/Pods-Dash-frameworks.sh\"\n";
			showEnvVarsInLog = 0;
		};
		9A402FDB23C67C22005596AA /* ShellScript */ = {
			isa = PBXShellScriptBuildPhase;
			buildActionMask = 2147483647;
			files = (
			);
			inputFileListPaths = (
			);
			inputPaths = (
			);
			outputFileListPaths = (
			);
			outputPaths = (
			);
			runOnlyForDeploymentPostprocessing = 0;
			shellPath = /bin/sh;
			shellScript = "if which swiftlint >/dev/null; then\nswiftlint\nelse\necho \"warning: SwiftLint not installed, download from https://github.com/realm/SwiftLint\"\nfi\n";
		};
		9EAF63FCFF35DA2671C4056B /* [CP] Check Pods Manifest.lock */ = {
			isa = PBXShellScriptBuildPhase;
			buildActionMask = 2147483647;
			files = (
			);
			inputFileListPaths = (
			);
			inputPaths = (
				"${PODS_PODFILE_DIR_PATH}/Podfile.lock",
				"${PODS_ROOT}/Manifest.lock",
			);
			name = "[CP] Check Pods Manifest.lock";
			outputFileListPaths = (
			);
			outputPaths = (
				"$(DERIVED_FILE_DIR)/Pods-DashTests-checkManifestLockResult.txt",
			);
			runOnlyForDeploymentPostprocessing = 0;
			shellPath = /bin/sh;
			shellScript = "diff \"${PODS_PODFILE_DIR_PATH}/Podfile.lock\" \"${PODS_ROOT}/Manifest.lock\" > /dev/null\nif [ $? != 0 ] ; then\n    # print error to STDERR\n    echo \"error: The sandbox is not in sync with the Podfile.lock. Run 'pod install' or update your CocoaPods installation.\" >&2\n    exit 1\nfi\n# This output is used by Xcode 'outputs' to avoid re-running this script phase.\necho \"SUCCESS\" > \"${SCRIPT_OUTPUT_FILE_0}\"\n";
			showEnvVarsInLog = 0;
		};
/* End PBXShellScriptBuildPhase section */

/* Begin PBXSourcesBuildPhase section */
		578C7FF523B299A30014EFDD /* Sources */ = {
			isa = PBXSourcesBuildPhase;
			buildActionMask = 2147483647;
			files = (
				9AEA615723C50CBB00B27003 /* NetworkManager.swift in Sources */,
				9AEA614F23C4DFCB00B27003 /* PreferencesVC.swift in Sources */,
				5707DEDF23B2AB6D00A76810 /* ViewController.swift in Sources */,
				9AEA615123C4E0D400B27003 /* PreferencesWindowController.swift in Sources */,
				57AF9D7B23B2B869001A27A6 /* DS100.swift in Sources */,
				9AC6902523C3A8800047320A /* RttTableView.swift in Sources */,
				9AEA615423C5083F00B27003 /* Message.swift in Sources */,
				9AEA615B23C5126B00B27003 /* DashOSCServer.swift in Sources */,
				578C7FFD23B299A30014EFDD /* AppDelegate.swift in Sources */,
				9AEA615923C5126300B27003 /* DashOSCClient.swift in Sources */,
				57AF9D7723B2B54E001A27A6 /* Extensions.swift in Sources */,
				9AC6902723C3A9240047320A /* Constants.swift in Sources */,
				CD183705FD5C1B30AF9896B0 /* Servers.swift in Sources */,
				CD1832D32812F04C4F8C43A0 /* Clients.swift in Sources */,
				CD183A74FF36165CED59F896 /* Vezer.swift in Sources */,
				CD1835D13C327503C58995B6 /* OSCParsing.swift in Sources */,
				CD1830A4B7EF563AECF83C21 /* OSCMessage.swift in Sources */,
				CD18341CAFC0B96913E017E7 /* ExtData.swift in Sources */,
				CD183962FE6A334640EA2886 /* OSCErrors.swift in Sources */,
				CD18365974C9B59DBD97409F /* ExtInt.swift in Sources */,
				CD1830524CC75693D73F5A5E /* ExtFloat.swift in Sources */,
				CD1839FBBDC7FC6D7E7ABAB5 /* ExtString.swift in Sources */,
				CD183B81B3176A36A44EAC5E /* ExtBool.swift in Sources */,
				CD183EBDF0A6B9AE00CDAA77 /* OSCType.swift in Sources */,
				CD183AE2A5A030B7B2A97F11 /* Blob.swift in Sources */,
				CD18375417DFA7D0779F82F3 /* ExtUInt32.swift in Sources */,
				CD18364F880B00C4A727ECDF /* OSCClient.swift in Sources */,
				CD183980DD44CFE4DE3A71FA /* OSCServer.swift in Sources */,
				CD183FB9B7C414B864888978 /* OSCTag.swift in Sources */,
				CD183E4BF7E3AD91DEE0A2FA /* ExtDouble.swift in Sources */,
				CD183164178CAD090F837233 /* OSCBundle.swift in Sources */,
				CD183D3B4A50B0EA460CA6A7 /* Timetag.swift in Sources */,
				CD18388C817CF6B6458CD649 /* ExtDate.swift in Sources */,
				CD183E057607FF5F659734C6 /* ExtInt32.swift in Sources */,
				CD1831C51742946E0AF96E36 /* OSCElement.swift in Sources */,
			);
			runOnlyForDeploymentPostprocessing = 0;
		};
		9AD10FF823CE08F900BBFE73 /* Sources */ = {
			isa = PBXSourcesBuildPhase;
			buildActionMask = 2147483647;
			files = (
				9A66296823CF4EFC0025125D /* NetworkManagerTests.swift in Sources */,
				9A2E843723D892FC00843EA9 /* ClientsTests.swift in Sources */,
				9A2E843923D8930600843EA9 /* ServersTests.swift in Sources */,
				9A66296623CF4EF10025125D /* DashOSCServerTests.swift in Sources */,
				9AC1E5A523CE50EA00757262 /* TestingExtensions.swift in Sources */,
				9ABDE08B23CE2621004189B3 /* TestingConstants.swift in Sources */,
				9A66296423CF4EE50025125D /* DashOSCClientTests.swift in Sources */,
				9AD1100B23CE093200BBFE73 /* ReceiveUDPTests.swift in Sources */,
			);
			runOnlyForDeploymentPostprocessing = 0;
		};
/* End PBXSourcesBuildPhase section */

/* Begin PBXTargetDependency section */
		9AD1100223CE08F900BBFE73 /* PBXTargetDependency */ = {
			isa = PBXTargetDependency;
			target = 578C7FF823B299A30014EFDD /* Dash */;
			targetProxy = 9AD1100123CE08F900BBFE73 /* PBXContainerItemProxy */;
		};
/* End PBXTargetDependency section */

/* Begin PBXVariantGroup section */
		578C800223B299A40014EFDD /* Main.storyboard */ = {
			isa = PBXVariantGroup;
			children = (
				578C800323B299A40014EFDD /* Base */,
			);
			name = Main.storyboard;
			sourceTree = "<group>";
		};
/* End PBXVariantGroup section */

/* Begin XCBuildConfiguration section */
		578C801D23B299A40014EFDD /* Debug */ = {
			isa = XCBuildConfiguration;
			buildSettings = {
				ALWAYS_SEARCH_USER_PATHS = NO;
				CLANG_ANALYZER_NONNULL = YES;
				CLANG_ANALYZER_NUMBER_OBJECT_CONVERSION = YES_AGGRESSIVE;
				CLANG_CXX_LANGUAGE_STANDARD = "gnu++14";
				CLANG_CXX_LIBRARY = "libc++";
				CLANG_ENABLE_MODULES = YES;
				CLANG_ENABLE_OBJC_ARC = YES;
				CLANG_ENABLE_OBJC_WEAK = YES;
				CLANG_WARN_BLOCK_CAPTURE_AUTORELEASING = YES;
				CLANG_WARN_BOOL_CONVERSION = YES;
				CLANG_WARN_COMMA = YES;
				CLANG_WARN_CONSTANT_CONVERSION = YES;
				CLANG_WARN_DEPRECATED_OBJC_IMPLEMENTATIONS = YES;
				CLANG_WARN_DIRECT_OBJC_ISA_USAGE = YES_ERROR;
				CLANG_WARN_DOCUMENTATION_COMMENTS = YES;
				CLANG_WARN_EMPTY_BODY = YES;
				CLANG_WARN_ENUM_CONVERSION = YES;
				CLANG_WARN_INFINITE_RECURSION = YES;
				CLANG_WARN_INT_CONVERSION = YES;
				CLANG_WARN_NON_LITERAL_NULL_CONVERSION = YES;
				CLANG_WARN_OBJC_IMPLICIT_RETAIN_SELF = YES;
				CLANG_WARN_OBJC_LITERAL_CONVERSION = YES;
				CLANG_WARN_OBJC_ROOT_CLASS = YES_ERROR;
				CLANG_WARN_QUOTED_INCLUDE_IN_FRAMEWORK_HEADER = YES;
				CLANG_WARN_RANGE_LOOP_ANALYSIS = YES;
				CLANG_WARN_STRICT_PROTOTYPES = YES;
				CLANG_WARN_SUSPICIOUS_MOVE = YES;
				CLANG_WARN_UNGUARDED_AVAILABILITY = YES_AGGRESSIVE;
				CLANG_WARN_UNREACHABLE_CODE = YES;
				CLANG_WARN__DUPLICATE_METHOD_MATCH = YES;
				COPY_PHASE_STRIP = NO;
				DEAD_CODE_STRIPPING = YES;
				DEBUG_INFORMATION_FORMAT = dwarf;
				ENABLE_STRICT_OBJC_MSGSEND = YES;
				ENABLE_TESTABILITY = YES;
				GCC_C_LANGUAGE_STANDARD = gnu11;
				GCC_DYNAMIC_NO_PIC = NO;
				GCC_NO_COMMON_BLOCKS = YES;
				GCC_OPTIMIZATION_LEVEL = 0;
				GCC_PREPROCESSOR_DEFINITIONS = (
					"DEBUG=1",
					"$(inherited)",
				);
				GCC_WARN_64_TO_32_BIT_CONVERSION = YES;
				GCC_WARN_ABOUT_RETURN_TYPE = YES_ERROR;
				GCC_WARN_UNDECLARED_SELECTOR = YES;
				GCC_WARN_UNINITIALIZED_AUTOS = YES_AGGRESSIVE;
				GCC_WARN_UNUSED_FUNCTION = YES;
				GCC_WARN_UNUSED_VARIABLE = YES;
				MACOSX_DEPLOYMENT_TARGET = 11.0;
				MTL_ENABLE_DEBUG_INFO = INCLUDE_SOURCE;
				MTL_FAST_MATH = YES;
				ONLY_ACTIVE_ARCH = YES;
				SDKROOT = macosx;
				SWIFT_ACTIVE_COMPILATION_CONDITIONS = DEBUG;
				SWIFT_OPTIMIZATION_LEVEL = "-Onone";
			};
			name = Debug;
		};
		578C801E23B299A40014EFDD /* Release */ = {
			isa = XCBuildConfiguration;
			buildSettings = {
				ALWAYS_SEARCH_USER_PATHS = NO;
				CLANG_ANALYZER_NONNULL = YES;
				CLANG_ANALYZER_NUMBER_OBJECT_CONVERSION = YES_AGGRESSIVE;
				CLANG_CXX_LANGUAGE_STANDARD = "gnu++14";
				CLANG_CXX_LIBRARY = "libc++";
				CLANG_ENABLE_MODULES = YES;
				CLANG_ENABLE_OBJC_ARC = YES;
				CLANG_ENABLE_OBJC_WEAK = YES;
				CLANG_WARN_BLOCK_CAPTURE_AUTORELEASING = YES;
				CLANG_WARN_BOOL_CONVERSION = YES;
				CLANG_WARN_COMMA = YES;
				CLANG_WARN_CONSTANT_CONVERSION = YES;
				CLANG_WARN_DEPRECATED_OBJC_IMPLEMENTATIONS = YES;
				CLANG_WARN_DIRECT_OBJC_ISA_USAGE = YES_ERROR;
				CLANG_WARN_DOCUMENTATION_COMMENTS = YES;
				CLANG_WARN_EMPTY_BODY = YES;
				CLANG_WARN_ENUM_CONVERSION = YES;
				CLANG_WARN_INFINITE_RECURSION = YES;
				CLANG_WARN_INT_CONVERSION = YES;
				CLANG_WARN_NON_LITERAL_NULL_CONVERSION = YES;
				CLANG_WARN_OBJC_IMPLICIT_RETAIN_SELF = YES;
				CLANG_WARN_OBJC_LITERAL_CONVERSION = YES;
				CLANG_WARN_OBJC_ROOT_CLASS = YES_ERROR;
				CLANG_WARN_QUOTED_INCLUDE_IN_FRAMEWORK_HEADER = YES;
				CLANG_WARN_RANGE_LOOP_ANALYSIS = YES;
				CLANG_WARN_STRICT_PROTOTYPES = YES;
				CLANG_WARN_SUSPICIOUS_MOVE = YES;
				CLANG_WARN_UNGUARDED_AVAILABILITY = YES_AGGRESSIVE;
				CLANG_WARN_UNREACHABLE_CODE = YES;
				CLANG_WARN__DUPLICATE_METHOD_MATCH = YES;
				COPY_PHASE_STRIP = NO;
				DEAD_CODE_STRIPPING = YES;
				DEBUG_INFORMATION_FORMAT = "dwarf-with-dsym";
				ENABLE_NS_ASSERTIONS = NO;
				ENABLE_STRICT_OBJC_MSGSEND = YES;
				GCC_C_LANGUAGE_STANDARD = gnu11;
				GCC_NO_COMMON_BLOCKS = YES;
				GCC_WARN_64_TO_32_BIT_CONVERSION = YES;
				GCC_WARN_ABOUT_RETURN_TYPE = YES_ERROR;
				GCC_WARN_UNDECLARED_SELECTOR = YES;
				GCC_WARN_UNINITIALIZED_AUTOS = YES_AGGRESSIVE;
				GCC_WARN_UNUSED_FUNCTION = YES;
				GCC_WARN_UNUSED_VARIABLE = YES;
				MACOSX_DEPLOYMENT_TARGET = 11.0;
				MTL_ENABLE_DEBUG_INFO = NO;
				MTL_FAST_MATH = YES;
				SDKROOT = macosx;
				SWIFT_COMPILATION_MODE = wholemodule;
				SWIFT_OPTIMIZATION_LEVEL = "-O";
			};
			name = Release;
		};
		578C802023B299A40014EFDD /* Debug */ = {
			isa = XCBuildConfiguration;
			baseConfigurationReference = F43F3A006F031062C7D58C58 /* Pods-Dash.debug.xcconfig */;
			buildSettings = {
				ASSETCATALOG_COMPILER_APPICON_NAME = AppIcon;
				CODE_SIGN_ENTITLEMENTS = Dash/Dash.entitlements;
				CODE_SIGN_IDENTITY = "Mac Developer";
				CODE_SIGN_STYLE = Automatic;
				COMBINE_HIDPI_IMAGES = YES;
				DEAD_CODE_STRIPPING = YES;
				DEVELOPMENT_TEAM = ZJ734P7F3F;
				ENABLE_HARDENED_RUNTIME = YES;
				INFOPLIST_FILE = Dash/Info.plist;
				LD_RUNPATH_SEARCH_PATHS = (
					"$(inherited)",
					"@executable_path/../Frameworks",
				);
				MACOSX_DEPLOYMENT_TARGET = 11.0;
				MARKETING_VERSION = 0.2.2;
				PRODUCT_BUNDLE_IDENTIFIER = com.gwrodriguez.Dash;
				PRODUCT_NAME = "$(TARGET_NAME)";
				PROVISIONING_PROFILE_SPECIFIER = "";
				SWIFT_VERSION = 5.0;
			};
			name = Debug;
		};
		578C802123B299A40014EFDD /* Release */ = {
			isa = XCBuildConfiguration;
			baseConfigurationReference = 651BB45AE5E5B9541C7EA030 /* Pods-Dash.release.xcconfig */;
			buildSettings = {
				ASSETCATALOG_COMPILER_APPICON_NAME = AppIcon;
				CODE_SIGN_ENTITLEMENTS = Dash/Dash.entitlements;
				CODE_SIGN_IDENTITY = "Mac Developer";
				CODE_SIGN_STYLE = Automatic;
				COMBINE_HIDPI_IMAGES = YES;
				DEAD_CODE_STRIPPING = YES;
				DEVELOPMENT_TEAM = ZJ734P7F3F;
				ENABLE_HARDENED_RUNTIME = YES;
				INFOPLIST_FILE = Dash/Info.plist;
				LD_RUNPATH_SEARCH_PATHS = (
					"$(inherited)",
					"@executable_path/../Frameworks",
				);
				MACOSX_DEPLOYMENT_TARGET = 11.0;
				MARKETING_VERSION = 0.2.2;
				PRODUCT_BUNDLE_IDENTIFIER = com.gwrodriguez.Dash;
				PRODUCT_NAME = "$(TARGET_NAME)";
				PROVISIONING_PROFILE_SPECIFIER = "";
				SWIFT_VERSION = 5.0;
			};
			name = Release;
		};
		9AD1100423CE08F900BBFE73 /* Debug */ = {
			isa = XCBuildConfiguration;
			baseConfigurationReference = 9005CB6A86854E374AE5B036 /* Pods-DashTests.debug.xcconfig */;
			buildSettings = {
				BUNDLE_LOADER = "$(TEST_HOST)";
				CLANG_ENABLE_MODULES = YES;
				CODE_SIGN_IDENTITY = "Mac Developer";
				CODE_SIGN_STYLE = Automatic;
				COMBINE_HIDPI_IMAGES = YES;
				DEAD_CODE_STRIPPING = YES;
				DEVELOPMENT_TEAM = ZJ734P7F3F;
				INFOPLIST_FILE = DashTests/Info.plist;
				LD_RUNPATH_SEARCH_PATHS = (
					"$(inherited)",
					"@executable_path/../Frameworks",
					"@loader_path/../Frameworks",
				);
				MACOSX_DEPLOYMENT_TARGET = 11.0;
				PRODUCT_BUNDLE_IDENTIFIER = feld.DashTests;
				PRODUCT_NAME = "$(TARGET_NAME)";
				PROVISIONING_PROFILE_SPECIFIER = "";
				SWIFT_OBJC_BRIDGING_HEADER = "DashTests/DashTests-Bridging-Header.h";
				SWIFT_OPTIMIZATION_LEVEL = "-Onone";
				SWIFT_VERSION = 5.0;
				TEST_HOST = "$(BUILT_PRODUCTS_DIR)/Dash.app/Contents/MacOS/Dash";
			};
			name = Debug;
		};
		9AD1100523CE08F900BBFE73 /* Release */ = {
			isa = XCBuildConfiguration;
			baseConfigurationReference = C99DC24200B3F14295912028 /* Pods-DashTests.release.xcconfig */;
			buildSettings = {
				BUNDLE_LOADER = "$(TEST_HOST)";
				CLANG_ENABLE_MODULES = YES;
				CODE_SIGN_IDENTITY = "Mac Developer";
				CODE_SIGN_STYLE = Automatic;
				COMBINE_HIDPI_IMAGES = YES;
				DEAD_CODE_STRIPPING = YES;
				DEVELOPMENT_TEAM = ZJ734P7F3F;
				INFOPLIST_FILE = DashTests/Info.plist;
				LD_RUNPATH_SEARCH_PATHS = (
					"$(inherited)",
					"@executable_path/../Frameworks",
					"@loader_path/../Frameworks",
				);
				MACOSX_DEPLOYMENT_TARGET = 11.0;
				PRODUCT_BUNDLE_IDENTIFIER = feld.DashTests;
				PRODUCT_NAME = "$(TARGET_NAME)";
				PROVISIONING_PROFILE_SPECIFIER = "";
				SWIFT_OBJC_BRIDGING_HEADER = "DashTests/DashTests-Bridging-Header.h";
				SWIFT_VERSION = 5.0;
				TEST_HOST = "$(BUILT_PRODUCTS_DIR)/Dash.app/Contents/MacOS/Dash";
			};
			name = Release;
		};
/* End XCBuildConfiguration section */

/* Begin XCConfigurationList section */
		578C7FF423B299A30014EFDD /* Build configuration list for PBXProject "Dash" */ = {
			isa = XCConfigurationList;
			buildConfigurations = (
				578C801D23B299A40014EFDD /* Debug */,
				578C801E23B299A40014EFDD /* Release */,
			);
			defaultConfigurationIsVisible = 0;
			defaultConfigurationName = Release;
		};
		578C801F23B299A40014EFDD /* Build configuration list for PBXNativeTarget "Dash" */ = {
			isa = XCConfigurationList;
			buildConfigurations = (
				578C802023B299A40014EFDD /* Debug */,
				578C802123B299A40014EFDD /* Release */,
			);
			defaultConfigurationIsVisible = 0;
			defaultConfigurationName = Release;
		};
		9AD1100323CE08F900BBFE73 /* Build configuration list for PBXNativeTarget "DashTests" */ = {
			isa = XCConfigurationList;
			buildConfigurations = (
				9AD1100423CE08F900BBFE73 /* Debug */,
				9AD1100523CE08F900BBFE73 /* Release */,
			);
			defaultConfigurationIsVisible = 0;
			defaultConfigurationName = Release;
		};
/* End XCConfigurationList section */
	};
	rootObject = 578C7FF123B299A30014EFDD /* Project object */;
}
